
Microsoft Visual Studio Solution File, Format Version 12.00
# Visual Studio Version 16
VisualStudioVersion = 16.0.31112.23
MinimumVisualStudioVersion = 10.0.40219.1
Project("{9A19103F-16F7-4668-BE54-9A1E7A4F7556}") = "NLayer.Core", "NLayer.Core\NLayer.Core.csproj", "{04DFF77A-25B4-4ABB-B971-18C1AD6C8F4F}"
EndProject
Project("{9A19103F-16F7-4668-BE54-9A1E7A4F7556}") = "NLayer.Repository", "NLayer.Repository\NLayer.Repository.csproj", "{48AA1C8E-67B1-42DE-9E56-D7C7BBD46984}"
EndProject
Project("{9A19103F-16F7-4668-BE54-9A1E7A4F7556}") = "NLayer.API", "NLayer.API\NLayer.API.csproj", "{036205F9-E5A7-406B-A56F-CCFFDBC3E880}"
EndProject
Project("{9A19103F-16F7-4668-BE54-9A1E7A4F7556}") = "NLayer.Web", "NLayer.Web\NLayer.Web.csproj", "{6B56CC87-1B79-4C97-9BE4-8A2D8E925FCA}"
EndProject
Project("{9A19103F-16F7-4668-BE54-9A1E7A4F7556}") = "NLayer.Caching", "NLayer.Caching\NLayer.Caching.csproj", "{2C1D4879-B739-4D40-8877-1DB0D19196F8}"
EndProject
Project("{FAE04EC0-301F-11D3-BF4B-00C04F79EFBC}") = "NLayer.Service", "NLayer.Service\NLayer.Service.csproj", "{ECF3569F-1EF6-4A76-889C-1BD151D71E23}"
EndProject
Global
	GlobalSection(SolutionConfigurationPlatforms) = preSolution
		Debug|Any CPU = Debug|Any CPU
		Release|Any CPU = Release|Any CPU
	EndGlobalSection
	GlobalSection(ProjectConfigurationPlatforms) = postSolution
		{04DFF77A-25B4-4ABB-B971-18C1AD6C8F4F}.Debug|Any CPU.ActiveCfg = Debug|Any CPU
		{04DFF77A-25B4-4ABB-B971-18C1AD6C8F4F}.Debug|Any CPU.Build.0 = Debug|Any CPU
		{04DFF77A-25B4-4ABB-B971-18C1AD6C8F4F}.Release|Any CPU.ActiveCfg = Release|Any CPU
		{04DFF77A-25B4-4ABB-B971-18C1AD6C8F4F}.Release|Any CPU.Build.0 = Release|Any CPU
		{48AA1C8E-67B1-42DE-9E56-D7C7BBD46984}.Debug|Any CPU.ActiveCfg = Debug|Any CPU
		{48AA1C8E-67B1-42DE-9E56-D7C7BBD46984}.Debug|Any CPU.Build.0 = Debug|Any CPU
		{48AA1C8E-67B1-42DE-9E56-D7C7BBD46984}.Release|Any CPU.ActiveCfg = Release|Any CPU
		{48AA1C8E-67B1-42DE-9E56-D7C7BBD46984}.Release|Any CPU.Build.0 = Release|Any CPU
		{036205F9-E5A7-406B-A56F-CCFFDBC3E880}.Debug|Any CPU.ActiveCfg = Debug|Any CPU
		{036205F9-E5A7-406B-A56F-CCFFDBC3E880}.Debug|Any CPU.Build.0 = Debug|Any CPU
		{036205F9-E5A7-406B-A56F-CCFFDBC3E880}.Release|Any CPU.ActiveCfg = Release|Any CPU
		{036205F9-E5A7-406B-A56F-CCFFDBC3E880}.Release|Any CPU.Build.0 = Release|Any CPU
		{6B56CC87-1B79-4C97-9BE4-8A2D8E925FCA}.Debug|Any CPU.ActiveCfg = Debug|Any CPU
		{6B56CC87-1B79-4C97-9BE4-8A2D8E925FCA}.Debug|Any CPU.Build.0 = Debug|Any CPU
		{6B56CC87-1B79-4C97-9BE4-8A2D8E925FCA}.Release|Any CPU.ActiveCfg = Release|Any CPU
		{6B56CC87-1B79-4C97-9BE4-8A2D8E925FCA}.Release|Any CPU.Build.0 = Release|Any CPU
		{2C1D4879-B739-4D40-8877-1DB0D19196F8}.Debug|Any CPU.ActiveCfg = Debug|Any CPU
		{2C1D4879-B739-4D40-8877-1DB0D19196F8}.Debug|Any CPU.Build.0 = Debug|Any CPU
		{2C1D4879-B739-4D40-8877-1DB0D19196F8}.Release|Any CPU.ActiveCfg = Release|Any CPU
		{2C1D4879-B739-4D40-8877-1DB0D19196F8}.Release|Any CPU.Build.0 = Release|Any CPU
		{ECF3569F-1EF6-4A76-889C-1BD151D71E23}.Debug|Any CPU.ActiveCfg = Debug|Any CPU
		{ECF3569F-1EF6-4A76-889C-1BD151D71E23}.Debug|Any CPU.Build.0 = Debug|Any CPU
		{ECF3569F-1EF6-4A76-889C-1BD151D71E23}.Release|Any CPU.ActiveCfg = Release|Any CPU
		{ECF3569F-1EF6-4A76-889C-1BD151D71E23}.Release|Any CPU.Build.0 = Release|Any CPU
	EndGlobalSection
	GlobalSection(SolutionProperties) = preSolution
		HideSolutionNode = FALSE
	EndGlobalSection
	GlobalSection(ExtensibilityGlobals) = postSolution
		SolutionGuid = {8D998018-5472-40DB-9167-0DEC2A495FE9}
	EndGlobalSection
EndGlobal
